
Microsoft Visual Studio Solution File, Format Version 12.00
# Visual Studio Version 17
VisualStudioVersion = 17.7.34003.232
MinimumVisualStudioVersion = 10.0.40219.1
Project("{9A19103F-16F7-4668-BE54-9A1E7A4F7556}") = "CQRS.Core", "CQRS.Core\CQRS.Core.csproj", "{2CFE1C12-1F84-4622-9BC7-695E245D363E}"
EndProject
Project("{2150E333-8FDC-42A3-9474-1A3956D46DE8}") = "CQRS-ES", "CQRS-ES", "{AE5E6DF9-317E-4F7E-A9CA-ADE3A0B6002E}"
EndProject
Project("{2150E333-8FDC-42A3-9474-1A3956D46DE8}") = "SM-POST", "SM-POST", "{921AD580-4D2E-427D-99FC-F40E0DC418E5}"
EndProject
Project("{2150E333-8FDC-42A3-9474-1A3956D46DE8}") = "Post.Query", "Post.Query", "{10E98215-1E41-43A8-BA17-2538BEDE90EB}"
EndProject
Project("{2150E333-8FDC-42A3-9474-1A3956D46DE8}") = "Post.Cmd", "Post.Cmd", "{A5DB17FA-C31F-4CEC-9741-D1A8796E3488}"
EndProject
Project("{9A19103F-16F7-4668-BE54-9A1E7A4F7556}") = "Post.Cmd.Api", "Post.Cmd.Api\Post.Cmd.Api.csproj", "{94B452B5-C359-436C-9CD0-CB8262770AEC}"
EndProject
Project("{9A19103F-16F7-4668-BE54-9A1E7A4F7556}") = "Post.Cmd.Infrastructure", "Post.Cmd.Infrastructure\Post.Cmd.Infrastructure.csproj", "{5D7E2FD9-B525-4F73-8039-B5FE38B98867}"
EndProject
Project("{9A19103F-16F7-4668-BE54-9A1E7A4F7556}") = "Post.Cmd.Domain", "Post.Cmd.Domain\Post.Cmd.Domain.csproj", "{8957E3BC-C6F4-47C4-A6B0-CA1DEEF5CF8B}"
EndProject
Project("{9A19103F-16F7-4668-BE54-9A1E7A4F7556}") = "Post.Query.Api", "Post.Query.Api\Post.Query.Api.csproj", "{60993701-70F2-4D50-9D59-351DECDA9891}"
EndProject
Project("{9A19103F-16F7-4668-BE54-9A1E7A4F7556}") = "Post.Query.Domain", "Post.Query.Domain\Post.Query.Domain.csproj", "{7DBB4468-EDEB-4B0D-928A-AE3D523509AC}"
EndProject
Project("{9A19103F-16F7-4668-BE54-9A1E7A4F7556}") = "Post.Query.Infrastructure", "Post.Query.Infrastructure\Post.Query.Infrastructure.csproj", "{1974767D-2C1D-4D65-8936-9313A568A3AC}"
EndProject
Project("{2150E333-8FDC-42A3-9474-1A3956D46DE8}") = "Post.Common", "Post.Common", "{A3CBA663-1DBC-41D2-B8E0-470245C8B873}"
EndProject
Project("{FAE04EC0-301F-11D3-BF4B-00C04F79EFBC}") = "Post.Commun", "Post.Commun\Post.Commun.csproj", "{72731DAD-E932-46BE-B320-EE776B383C5D}"
EndProject
Global
	GlobalSection(SolutionConfigurationPlatforms) = preSolution
		Debug|Any CPU = Debug|Any CPU
		Release|Any CPU = Release|Any CPU
	EndGlobalSection
	GlobalSection(ProjectConfigurationPlatforms) = postSolution
		{2CFE1C12-1F84-4622-9BC7-695E245D363E}.Debug|Any CPU.ActiveCfg = Debug|Any CPU
		{2CFE1C12-1F84-4622-9BC7-695E245D363E}.Debug|Any CPU.Build.0 = Debug|Any CPU
		{2CFE1C12-1F84-4622-9BC7-695E245D363E}.Release|Any CPU.ActiveCfg = Release|Any CPU
		{2CFE1C12-1F84-4622-9BC7-695E245D363E}.Release|Any CPU.Build.0 = Release|Any CPU
		{94B452B5-C359-436C-9CD0-CB8262770AEC}.Debug|Any CPU.ActiveCfg = Debug|Any CPU
		{94B452B5-C359-436C-9CD0-CB8262770AEC}.Debug|Any CPU.Build.0 = Debug|Any CPU
		{94B452B5-C359-436C-9CD0-CB8262770AEC}.Release|Any CPU.ActiveCfg = Release|Any CPU
		{94B452B5-C359-436C-9CD0-CB8262770AEC}.Release|Any CPU.Build.0 = Release|Any CPU
		{5D7E2FD9-B525-4F73-8039-B5FE38B98867}.Debug|Any CPU.ActiveCfg = Debug|Any CPU
		{5D7E2FD9-B525-4F73-8039-B5FE38B98867}.Debug|Any CPU.Build.0 = Debug|Any CPU
		{5D7E2FD9-B525-4F73-8039-B5FE38B98867}.Release|Any CPU.ActiveCfg = Release|Any CPU
		{5D7E2FD9-B525-4F73-8039-B5FE38B98867}.Release|Any CPU.Build.0 = Release|Any CPU
		{8957E3BC-C6F4-47C4-A6B0-CA1DEEF5CF8B}.Debug|Any CPU.ActiveCfg = Debug|Any CPU
		{8957E3BC-C6F4-47C4-A6B0-CA1DEEF5CF8B}.Debug|Any CPU.Build.0 = Debug|Any CPU
		{8957E3BC-C6F4-47C4-A6B0-CA1DEEF5CF8B}.Release|Any CPU.ActiveCfg = Release|Any CPU
		{8957E3BC-C6F4-47C4-A6B0-CA1DEEF5CF8B}.Release|Any CPU.Build.0 = Release|Any CPU
		{60993701-70F2-4D50-9D59-351DECDA9891}.Debug|Any CPU.ActiveCfg = Debug|Any CPU
		{60993701-70F2-4D50-9D59-351DECDA9891}.Debug|Any CPU.Build.0 = Debug|Any CPU
		{60993701-70F2-4D50-9D59-351DECDA9891}.Release|Any CPU.ActiveCfg = Release|Any CPU
		{60993701-70F2-4D50-9D59-351DECDA9891}.Release|Any CPU.Build.0 = Release|Any CPU
		{7DBB4468-EDEB-4B0D-928A-AE3D523509AC}.Debug|Any CPU.ActiveCfg = Debug|Any CPU
		{7DBB4468-EDEB-4B0D-928A-AE3D523509AC}.Debug|Any CPU.Build.0 = Debug|Any CPU
		{7DBB4468-EDEB-4B0D-928A-AE3D523509AC}.Release|Any CPU.ActiveCfg = Release|Any CPU
		{7DBB4468-EDEB-4B0D-928A-AE3D523509AC}.Release|Any CPU.Build.0 = Release|Any CPU
		{1974767D-2C1D-4D65-8936-9313A568A3AC}.Debug|Any CPU.ActiveCfg = Debug|Any CPU
		{1974767D-2C1D-4D65-8936-9313A568A3AC}.Debug|Any CPU.Build.0 = Debug|Any CPU
		{1974767D-2C1D-4D65-8936-9313A568A3AC}.Release|Any CPU.ActiveCfg = Release|Any CPU
		{1974767D-2C1D-4D65-8936-9313A568A3AC}.Release|Any CPU.Build.0 = Release|Any CPU
		{72731DAD-E932-46BE-B320-EE776B383C5D}.Debug|Any CPU.ActiveCfg = Debug|Any CPU
		{72731DAD-E932-46BE-B320-EE776B383C5D}.Debug|Any CPU.Build.0 = Debug|Any CPU
		{72731DAD-E932-46BE-B320-EE776B383C5D}.Release|Any CPU.ActiveCfg = Release|Any CPU
		{72731DAD-E932-46BE-B320-EE776B383C5D}.Release|Any CPU.Build.0 = Release|Any CPU
	EndGlobalSection
	GlobalSection(SolutionProperties) = preSolution
		HideSolutionNode = FALSE
	EndGlobalSection
	GlobalSection(NestedProjects) = preSolution
		{2CFE1C12-1F84-4622-9BC7-695E245D363E} = {AE5E6DF9-317E-4F7E-A9CA-ADE3A0B6002E}
		{10E98215-1E41-43A8-BA17-2538BEDE90EB} = {921AD580-4D2E-427D-99FC-F40E0DC418E5}
		{A5DB17FA-C31F-4CEC-9741-D1A8796E3488} = {921AD580-4D2E-427D-99FC-F40E0DC418E5}
		{94B452B5-C359-436C-9CD0-CB8262770AEC} = {A5DB17FA-C31F-4CEC-9741-D1A8796E3488}
		{5D7E2FD9-B525-4F73-8039-B5FE38B98867} = {A5DB17FA-C31F-4CEC-9741-D1A8796E3488}
		{8957E3BC-C6F4-47C4-A6B0-CA1DEEF5CF8B} = {A5DB17FA-C31F-4CEC-9741-D1A8796E3488}
		{60993701-70F2-4D50-9D59-351DECDA9891} = {10E98215-1E41-43A8-BA17-2538BEDE90EB}
		{7DBB4468-EDEB-4B0D-928A-AE3D523509AC} = {10E98215-1E41-43A8-BA17-2538BEDE90EB}
		{1974767D-2C1D-4D65-8936-9313A568A3AC} = {10E98215-1E41-43A8-BA17-2538BEDE90EB}
		{A3CBA663-1DBC-41D2-B8E0-470245C8B873} = {921AD580-4D2E-427D-99FC-F40E0DC418E5}
		{72731DAD-E932-46BE-B320-EE776B383C5D} = {A3CBA663-1DBC-41D2-B8E0-470245C8B873}
	EndGlobalSection
	GlobalSection(ExtensibilityGlobals) = postSolution
		SolutionGuid = {BC6064FF-FCFF-40B8-BFAF-51A9B3F68A32}
	EndGlobalSection
EndGlobal
